{
  "nodes": {
    "blocklist:adaway": {
      "flake": false,
      "locked": {
        "lastModified": 1682924229,
        "narHash": "sha256-sYIJnq9Jq7PeqvCWobqA2I0lRVjB8BRqGDXYB6ptTB8=",
        "owner": "adaway",
        "repo": "adaway.github.io",
        "rev": "afbe891b58ab5d0207a98a4a2fac410a55710914",
        "type": "github"
      },
      "original": {
        "owner": "adaway",
        "repo": "adaway.github.io",
        "type": "github"
      }
    },
    "blocklist:adguard": {
      "flake": false,
      "locked": {
        "narHash": "sha256-XjDXso3A/G0t61EzdCE1jw6hEUoTXlXM4eokKsBItew=",
        "type": "file",
        "url": "https://adguardteam.github.io/AdGuardSDNSFilter/Filters/filter.txt"
      },
      "original": {
        "type": "file",
        "url": "https://adguardteam.github.io/AdGuardSDNSFilter/Filters/filter.txt"
      }
    },
    "blocklist:danpollock": {
      "flake": false,
      "locked": {
        "narHash": "sha256-KfseKRVS8O4HkT+I55lwvYo7tkX5/ZX2Enhi9MQDDv0=",
        "type": "file",
        "url": "https://someonewhocares.org/hosts/hosts"
      },
      "original": {
        "type": "file",
        "url": "https://someonewhocares.org/hosts/hosts"
      }
    },
    "blocklist:easylist": {
      "flake": false,
      "locked": {
        "lastModified": 1725329205,
        "narHash": "sha256-ruJ5H6+uBxrnUZ8L+mB1tRcwFYrdyODCkQ8SzdgTz8k=",
        "owner": "easylist",
        "repo": "easylist",
        "rev": "860661753408f666ed7c36d05888c6c7623f21ac",
        "type": "github"
      },
      "original": {
        "owner": "easylist",
        "repo": "easylist",
        "type": "github"
      }
    },
    "blocklist:nextdns": {
      "flake": false,
      "locked": {
        "lastModified": 1642814288,
        "narHash": "sha256-+gMZrRIIjiqaBKyL5Kr5qQEIN5UveIR6fjMkP7SSthg=",
        "owner": "nextdns",
        "repo": "cname-cloaking-blocklist",
        "rev": "d86cbb9fc05f768fe18adeffd7c936a63486702a",
        "type": "github"
      },
      "original": {
        "owner": "nextdns",
        "repo": "cname-cloaking-blocklist",
        "type": "github"
      }
    },
    "blocklist:oisd": {
      "flake": false,
      "locked": {
        "narHash": "sha256-gwennFANsc07eEoKYPSrE0jUt+z2gaDxn1sUItwrzDI=",
        "type": "file",
        "url": "https://dblw.oisd.nl"
      },
      "original": {
        "type": "file",
        "url": "https://dblw.oisd.nl"
      }
    },
    "blocklist:oisd-basic": {
      "flake": false,
      "locked": {
        "narHash": "sha256-Yp1IIbE2hcMVjaEQgMwN5KVU+LnoAbjBnzSkITqC/4U=",
        "type": "file",
        "url": "https://dblw.oisd.nl/basic"
      },
      "original": {
        "type": "file",
        "url": "https://dblw.oisd.nl/basic"
      }
    },
    "blocklist:oisd-extra": {
      "flake": false,
      "locked": {
        "narHash": "sha256-B69RIg6qaV2+xmditX8ntJnV7xa/a0/C/gODaKJvHGM=",
        "type": "file",
        "url": "https://dblw.oisd.nl/extra"
      },
      "original": {
        "type": "file",
        "url": "https://dblw.oisd.nl/extra"
      }
    },
    "blocklist:peterlowe": {
      "flake": false,
      "locked": {
        "narHash": "sha256-l1J+oJRAyuWGrOtvLvdWm92orq3/bs8qV0ivIYaGRbk=",
        "type": "file",
        "url": "https://pgl.yoyo.org/adservers/serverlist.php?hostformat=nohtml"
      },
      "original": {
        "type": "file",
        "url": "https://pgl.yoyo.org/adservers/serverlist.php?hostformat=nohtml"
      }
    },
    "blocklist:stevenblack": {
      "flake": false,
      "locked": {
        "lastModified": 1725238500,
        "narHash": "sha256-ib3D6IQj7MU0t5mjUnfFLyUP6ylBLfGe4+2vrS1Kbz8=",
        "owner": "StevenBlack",
        "repo": "hosts",
        "rev": "5752297c81bc1d1a65e34e924b2094b2278c4424",
        "type": "github"
      },
      "original": {
        "owner": "StevenBlack",
        "repo": "hosts",
        "type": "github"
      }
    },
    "flake-parts": {
      "inputs": {
        "nixpkgs-lib": "nixpkgs-lib"
      },
      "locked": {
        "lastModified": 1725234343,
        "narHash": "sha256-+ebgonl3NbiKD2UD0x4BszCZQ6sTfL4xioaM49o5B3Y=",
        "owner": "hercules-ci",
        "repo": "flake-parts",
        "rev": "567b938d64d4b4112ee253b9274472dc3a346eb6",
        "type": "github"
      },
      "original": {
        "owner": "hercules-ci",
        "repo": "flake-parts",
        "type": "github"
      }
    },
    "nixpkgs": {
      "locked": {
        "lastModified": 1725103162,
        "narHash": "sha256-Ym04C5+qovuQDYL/rKWSR+WESseQBbNAe5DsXNx5trY=",
        "owner": "NixOS",
        "repo": "nixpkgs",
        "rev": "12228ff1752d7b7624a54e9c1af4b222b3c1073b",
        "type": "github"
      },
      "original": {
        "owner": "NixOS",
        "ref": "nixos-unstable",
        "repo": "nixpkgs",
        "type": "github"
      }
    },
    "nixpkgs-lib": {
      "locked": {
        "lastModified": 1725233747,
        "narHash": "sha256-Ss8QWLXdr2JCBPcYChJhz4xJm+h/xjl4G0c0XlP6a74=",
        "type": "tarball",
        "url": "https://github.com/NixOS/nixpkgs/archive/356624c12086a18f2ea2825fed34523d60ccc4e3.tar.gz"
      },
      "original": {
        "type": "tarball",
        "url": "https://github.com/NixOS/nixpkgs/archive/356624c12086a18f2ea2825fed34523d60ccc4e3.tar.gz"
      }
    },
    "root": {
      "inputs": {
        "blocklist:adaway": "blocklist:adaway",
        "blocklist:adguard": "blocklist:adguard",
        "blocklist:danpollock": "blocklist:danpollock",
        "blocklist:easylist": "blocklist:easylist",
        "blocklist:nextdns": "blocklist:nextdns",
        "blocklist:oisd": "blocklist:oisd",
        "blocklist:oisd-basic": "blocklist:oisd-basic",
        "blocklist:oisd-extra": "blocklist:oisd-extra",
        "blocklist:peterlowe": "blocklist:peterlowe",
        "blocklist:stevenblack": "blocklist:stevenblack",
        "flake-parts": "flake-parts",
        "nixpkgs": "nixpkgs",
        "systems": "systems",
        "treefmt": "treefmt"
      }
    },
    "systems": {
      "locked": {
        "lastModified": 1681028828,
        "narHash": "sha256-Vy1rq5AaRuLzOxct8nz4T6wlgyUR7zLU309k9mBC768=",
        "owner": "nix-systems",
        "repo": "default",
        "rev": "da67096a3b9bf56a91d16901293e51ba5b49a27e",
        "type": "github"
      },
      "original": {
        "owner": "nix-systems",
        "repo": "default",
        "type": "github"
      }
    },
    "treefmt": {
      "inputs": {
        "nixpkgs": [
          "nixpkgs"
        ]
      },
      "locked": {
        "lastModified": 1725271838,
        "narHash": "sha256-VcqxWT0O/gMaeWTTjf1r4MOyG49NaNxW4GHTO3xuThE=",
        "owner": "numtide",
        "repo": "treefmt-nix",
        "rev": "9fb342d14b69aefdf46187f6bb80a4a0d97007cd",
        "type": "github"
      },
      "original": {
        "owner": "numtide",
        "repo": "treefmt-nix",
        "type": "github"
      }
    }
  },
  "root": "root",
  "version": 7
}
